
Microsoft Visual Studio Solution File, Format Version 12.00
# Visual Studio Version 17
VisualStudioVersion = 17.0.31903.59
MinimumVisualStudioVersion = 10.0.40219.1
Project("{FAE04EC0-301F-11D3-BF4B-00C04F79EFBC}") = "ShoppingCart.Web", "ShoppingCart.Web\ShoppingCart.Web.csproj", "{D795A529-DCDB-4CB6-ACA5-1453A2B1B5E4}"
EndProject
Project("{FAE04EC0-301F-11D3-BF4B-00C04F79EFBC}") = "ShoppingCard.Api", "ShoppingCard.Api\ShoppingCard.Api.csproj", "{11998BBD-CEE0-4F21-B1B3-B4396FD27931}"
EndProject
Global
	GlobalSection(SolutionConfigurationPlatforms) = preSolution
		Debug|Any CPU = Debug|Any CPU
		Release|Any CPU = Release|Any CPU
	EndGlobalSection
	GlobalSection(ProjectConfigurationPlatforms) = postSolution
		{D795A529-DCDB-4CB6-ACA5-1453A2B1B5E4}.Debug|Any CPU.ActiveCfg = Debug|Any CPU
		{D795A529-DCDB-4CB6-ACA5-1453A2B1B5E4}.Debug|Any CPU.Build.0 = Debug|Any CPU
		{D795A529-DCDB-4CB6-ACA5-1453A2B1B5E4}.Release|Any CPU.ActiveCfg = Release|Any CPU
		{D795A529-DCDB-4CB6-ACA5-1453A2B1B5E4}.Release|Any CPU.Build.0 = Release|Any CPU
		{11998BBD-CEE0-4F21-B1B3-B4396FD27931}.Debug|Any CPU.ActiveCfg = Debug|Any CPU
		{11998BBD-CEE0-4F21-B1B3-B4396FD27931}.Debug|Any CPU.Build.0 = Debug|Any CPU
		{11998BBD-CEE0-4F21-B1B3-B4396FD27931}.Release|Any CPU.ActiveCfg = Release|Any CPU
		{11998BBD-CEE0-4F21-B1B3-B4396FD27931}.Release|Any CPU.Build.0 = Release|Any CPU
	EndGlobalSection
	GlobalSection(SolutionProperties) = preSolution
		HideSolutionNode = FALSE
	EndGlobalSection
	GlobalSection(ExtensibilityGlobals) = postSolution
		SolutionGuid = {62092647-522C-4115-B22E-B7D7CD4AD209}
	EndGlobalSection
EndGlobal
